
Microsoft Visual Studio Solution File, Format Version 12.00
# Visual Studio Version 17
VisualStudioVersion = 17.14.36221.1
MinimumVisualStudioVersion = 10.0.40219.1
Project("{FAE04EC0-301F-11D3-BF4B-00C04F79EFBC}") = "HospitalManagementAPI", "HospitalManagementAPI\HospitalManagementAPI.csproj", "{7C2DD415-80B0-4DE3-808C-A195FF314674}"
EndProject
Project("{FAE04EC0-301F-11D3-BF4B-00C04F79EFBC}") = "SignalRTestClient.", "..\SignalRTestClient\SignalRTestClient\SignalRTestClient..csproj", "{92609915-8B0C-7ACF-27A1-2D474DAEDDB1}"
EndProject
Global
	GlobalSection(SolutionConfigurationPlatforms) = preSolution
		Debug|Any CPU = Debug|Any CPU
		Release|Any CPU = Release|Any CPU
	EndGlobalSection
	GlobalSection(ProjectConfigurationPlatforms) = postSolution
		{7C2DD415-80B0-4DE3-808C-A195FF314674}.Debug|Any CPU.ActiveCfg = Debug|Any CPU
		{7C2DD415-80B0-4DE3-808C-A195FF314674}.Debug|Any CPU.Build.0 = Debug|Any CPU
		{7C2DD415-80B0-4DE3-808C-A195FF314674}.Release|Any CPU.ActiveCfg = Release|Any CPU
		{7C2DD415-80B0-4DE3-808C-A195FF314674}.Release|Any CPU.Build.0 = Release|Any CPU
		{92609915-8B0C-7ACF-27A1-2D474DAEDDB1}.Debug|Any CPU.ActiveCfg = Debug|Any CPU
		{92609915-8B0C-7ACF-27A1-2D474DAEDDB1}.Debug|Any CPU.Build.0 = Debug|Any CPU
		{92609915-8B0C-7ACF-27A1-2D474DAEDDB1}.Release|Any CPU.ActiveCfg = Release|Any CPU
		{92609915-8B0C-7ACF-27A1-2D474DAEDDB1}.Release|Any CPU.Build.0 = Release|Any CPU
	EndGlobalSection
	GlobalSection(SolutionProperties) = preSolution
		HideSolutionNode = FALSE
	EndGlobalSection
	GlobalSection(ExtensibilityGlobals) = postSolution
		SolutionGuid = {0CDFDB58-54EE-42E6-A902-69EC192BF329}
	EndGlobalSection
EndGlobal
